
Microsoft Visual Studio Solution File, Format Version 12.00
# Visual Studio Version 17
VisualStudioVersion = 17.14.36109.1 d17.14
MinimumVisualStudioVersion = 10.0.40219.1
Project("{FAE04EC0-301F-11D3-BF4B-00C04F79EFBC}") = "CatSystem2Tool", "CatSystem2Tool\CatSystem2Tool.csproj", "{74D75001-9769-4EDC-9E7B-E1B403250C34}"
EndProject
Global
	GlobalSection(SolutionConfigurationPlatforms) = preSolution
		Debug|Any CPU = Debug|Any CPU
		Release|Any CPU = Release|Any CPU
	EndGlobalSection
	GlobalSection(ProjectConfigurationPlatforms) = postSolution
		{74D75001-9769-4EDC-9E7B-E1B403250C34}.Debug|Any CPU.ActiveCfg = Debug|Any CPU
		{74D75001-9769-4EDC-9E7B-E1B403250C34}.Debug|Any CPU.Build.0 = Debug|Any CPU
		{74D75001-9769-4EDC-9E7B-E1B403250C34}.Release|Any CPU.ActiveCfg = Release|Any CPU
		{74D75001-9769-4EDC-9E7B-E1B403250C34}.Release|Any CPU.Build.0 = Release|Any CPU
	EndGlobalSection
	GlobalSection(SolutionProperties) = preSolution
		HideSolutionNode = FALSE
	EndGlobalSection
	GlobalSection(ExtensibilityGlobals) = postSolution
		SolutionGuid = {DE2DFDD4-1CC7-4777-BCDD-26AC3E1FB841}
	EndGlobalSection
EndGlobal
